
Microsoft Visual Studio Solution File, Format Version 12.00
# Visual Studio Version 17
VisualStudioVersion = 17.9.34622.214
MinimumVisualStudioVersion = 10.0.40219.1
Project("{FAE04EC0-301F-11D3-BF4B-00C04F79EFBC}") = "ShopOnline.Web", "ShopOnline.Web\ShopOnline.Web.csproj", "{ED08BC5F-8517-48DE-9FB4-ACF06347C19A}"
EndProject
Project("{FAE04EC0-301F-11D3-BF4B-00C04F79EFBC}") = "ShopOnline.Api", "ShopOnline.Api\ShopOnline.Api.csproj", "{0164BB70-6349-40F5-B814-20A4BDE881F0}"
EndProject
Global
	GlobalSection(SolutionConfigurationPlatforms) = preSolution
		Debug|Any CPU = Debug|Any CPU
		Release|Any CPU = Release|Any CPU
	EndGlobalSection
	GlobalSection(ProjectConfigurationPlatforms) = postSolution
		{ED08BC5F-8517-48DE-9FB4-ACF06347C19A}.Debug|Any CPU.ActiveCfg = Debug|Any CPU
		{ED08BC5F-8517-48DE-9FB4-ACF06347C19A}.Debug|Any CPU.Build.0 = Debug|Any CPU
		{ED08BC5F-8517-48DE-9FB4-ACF06347C19A}.Release|Any CPU.ActiveCfg = Release|Any CPU
		{ED08BC5F-8517-48DE-9FB4-ACF06347C19A}.Release|Any CPU.Build.0 = Release|Any CPU
		{0164BB70-6349-40F5-B814-20A4BDE881F0}.Debug|Any CPU.ActiveCfg = Debug|Any CPU
		{0164BB70-6349-40F5-B814-20A4BDE881F0}.Debug|Any CPU.Build.0 = Debug|Any CPU
		{0164BB70-6349-40F5-B814-20A4BDE881F0}.Release|Any CPU.ActiveCfg = Release|Any CPU
		{0164BB70-6349-40F5-B814-20A4BDE881F0}.Release|Any CPU.Build.0 = Release|Any CPU
	EndGlobalSection
	GlobalSection(SolutionProperties) = preSolution
		HideSolutionNode = FALSE
	EndGlobalSection
	GlobalSection(ExtensibilityGlobals) = postSolution
		SolutionGuid = {46D39C39-EE79-4180-AEED-A1A7F4F17C26}
	EndGlobalSection
EndGlobal
